
Microsoft Visual Studio Solution File, Format Version 12.00
# Visual Studio Version 17
VisualStudioVersion = 17.6.33829.357
MinimumVisualStudioVersion = 10.0.40219.1
Project("{FAE04EC0-301F-11D3-BF4B-00C04F79EFBC}") = "AppLista", "AppLista\AppLista.csproj", "{DFC60BC1-32A7-4DE4-8AD4-102678D86163}"
EndProject
Global
	GlobalSection(SolutionConfigurationPlatforms) = preSolution
		Debug|Any CPU = Debug|Any CPU
		Release|Any CPU = Release|Any CPU
	EndGlobalSection
	GlobalSection(ProjectConfigurationPlatforms) = postSolution
		{DFC60BC1-32A7-4DE4-8AD4-102678D86163}.Debug|Any CPU.ActiveCfg = Debug|Any CPU
		{DFC60BC1-32A7-4DE4-8AD4-102678D86163}.Debug|Any CPU.Build.0 = Debug|Any CPU
		{DFC60BC1-32A7-4DE4-8AD4-102678D86163}.Release|Any CPU.ActiveCfg = Release|Any CPU
		{DFC60BC1-32A7-4DE4-8AD4-102678D86163}.Release|Any CPU.Build.0 = Release|Any CPU
	EndGlobalSection
	GlobalSection(SolutionProperties) = preSolution
		HideSolutionNode = FALSE
	EndGlobalSection
	GlobalSection(ExtensibilityGlobals) = postSolution
		SolutionGuid = {50ED6995-D05D-428F-B1E4-9CDDAEAFA1EF}
	EndGlobalSection
EndGlobal
